{
  "requires": true,
  "lockfileVersion": 1,
  "dependencies": {
    "@clr/ui": {
      "version": "2.3.2",
      "resolved": "https://registry.npmjs.org/@clr/ui/-/ui-2.3.2.tgz",
      "integrity": "sha512-QIOQvHgzNZc3kI+6mxFoT3jmgWU30xGEY45yEDdPA9eiXxxWBJxmxpEbOGkjPbkZBdBBnpCuHkLQIPnyuP4vXg=="
    }
  }
}
